
Microsoft Visual Studio Solution File, Format Version 12.00
# Visual Studio 14
VisualStudioVersion = 14.0.25029.0
MinimumVisualStudioVersion = 10.0.40219.1
Project("{FAE04EC0-301F-11D3-BF4B-00C04F79EFBC}") = "TC.WPF", "WPF\TC.WPF.csproj", "{8473FBEF-E6D3-486C-B30B-C48976100EB5}"
EndProject
Project("{FAE04EC0-301F-11D3-BF4B-00C04F79EFBC}") = "TC.MVC", "MVC\TC.MVC.csproj", "{3C45F543-7F2C-4562-A39C-BD217FE395BA}"
EndProject
Project("{FAE04EC0-301F-11D3-BF4B-00C04F79EFBC}") = "TC.Tests", "TC.Tests\TC.Tests.csproj", "{C25358ED-1D6C-4A9D-94C1-8311496AD6AE}"
EndProject
Project("{FAE04EC0-301F-11D3-BF4B-00C04F79EFBC}") = "TC.Models", "TC.Models\TC.Models.csproj", "{54910A7B-CDAA-4CD2-9D4F-19DC08CFB568}"
EndProject
Global
	GlobalSection(SolutionConfigurationPlatforms) = preSolution
		Debug|Any CPU = Debug|Any CPU
		Release|Any CPU = Release|Any CPU
	EndGlobalSection
	GlobalSection(ProjectConfigurationPlatforms) = postSolution
		{8473FBEF-E6D3-486C-B30B-C48976100EB5}.Debug|Any CPU.ActiveCfg = Debug|Any CPU
		{8473FBEF-E6D3-486C-B30B-C48976100EB5}.Debug|Any CPU.Build.0 = Debug|Any CPU
		{8473FBEF-E6D3-486C-B30B-C48976100EB5}.Release|Any CPU.ActiveCfg = Release|Any CPU
		{8473FBEF-E6D3-486C-B30B-C48976100EB5}.Release|Any CPU.Build.0 = Release|Any CPU
		{3C45F543-7F2C-4562-A39C-BD217FE395BA}.Debug|Any CPU.ActiveCfg = Debug|Any CPU
		{3C45F543-7F2C-4562-A39C-BD217FE395BA}.Debug|Any CPU.Build.0 = Debug|Any CPU
		{3C45F543-7F2C-4562-A39C-BD217FE395BA}.Release|Any CPU.ActiveCfg = Release|Any CPU
		{3C45F543-7F2C-4562-A39C-BD217FE395BA}.Release|Any CPU.Build.0 = Release|Any CPU
		{C25358ED-1D6C-4A9D-94C1-8311496AD6AE}.Debug|Any CPU.ActiveCfg = Debug|Any CPU
		{C25358ED-1D6C-4A9D-94C1-8311496AD6AE}.Debug|Any CPU.Build.0 = Debug|Any CPU
		{C25358ED-1D6C-4A9D-94C1-8311496AD6AE}.Release|Any CPU.ActiveCfg = Release|Any CPU
		{C25358ED-1D6C-4A9D-94C1-8311496AD6AE}.Release|Any CPU.Build.0 = Release|Any CPU
		{54910A7B-CDAA-4CD2-9D4F-19DC08CFB568}.Debug|Any CPU.ActiveCfg = Debug|Any CPU
		{54910A7B-CDAA-4CD2-9D4F-19DC08CFB568}.Debug|Any CPU.Build.0 = Debug|Any CPU
		{54910A7B-CDAA-4CD2-9D4F-19DC08CFB568}.Release|Any CPU.ActiveCfg = Release|Any CPU
		{54910A7B-CDAA-4CD2-9D4F-19DC08CFB568}.Release|Any CPU.Build.0 = Release|Any CPU
	EndGlobalSection
	GlobalSection(SolutionProperties) = preSolution
		HideSolutionNode = FALSE
	EndGlobalSection
EndGlobal
